
Microsoft Visual Studio Solution File, Format Version 12.00
# Visual Studio Version 16
VisualStudioVersion = 16.0.31205.134
MinimumVisualStudioVersion = 10.0.40219.1
Project("{FAE04EC0-301F-11D3-BF4B-00C04F79EFBC}") = "Lesson 2", "Lesson 2\Lesson 2.csproj", "{12BB63B8-F90A-4E6A-8D98-D17F65428472}"
EndProject
Global
	GlobalSection(SolutionConfigurationPlatforms) = preSolution
		Debug|Any CPU = Debug|Any CPU
		Release|Any CPU = Release|Any CPU
	EndGlobalSection
	GlobalSection(ProjectConfigurationPlatforms) = postSolution
		{12BB63B8-F90A-4E6A-8D98-D17F65428472}.Debug|Any CPU.ActiveCfg = Debug|Any CPU
		{12BB63B8-F90A-4E6A-8D98-D17F65428472}.Debug|Any CPU.Build.0 = Debug|Any CPU
		{12BB63B8-F90A-4E6A-8D98-D17F65428472}.Release|Any CPU.ActiveCfg = Release|Any CPU
		{12BB63B8-F90A-4E6A-8D98-D17F65428472}.Release|Any CPU.Build.0 = Release|Any CPU
	EndGlobalSection
	GlobalSection(SolutionProperties) = preSolution
		HideSolutionNode = FALSE
	EndGlobalSection
	GlobalSection(ExtensibilityGlobals) = postSolution
		SolutionGuid = {56CC27CA-221B-4274-9CF5-D1EC7ADA8E47}
	EndGlobalSection
EndGlobal
